// !$*UTF8*$!
{
	archiveVersion = 1;
	classes = {
	};
	objectVersion = 50;
	objects = {

/* Begin PBXBuildFile section */
		2B31A964265430D10027C2EC /* ShowPetEligibleStatus.swift in Sources */ = {isa = PBXBuildFile; fileRef = 2B31A963265430D10027C2EC /* ShowPetEligibleStatus.swift */; };
		2B65314C2653127700F79E74 /* EligiblePetScreen.swift in Sources */ = {isa = PBXBuildFile; fileRef = 2B65314B2653127700F79E74 /* EligiblePetScreen.swift */; };
		2B65314E2653128500F79E74 /* NotEligiblePetScreen.swift in Sources */ = {isa = PBXBuildFile; fileRef = 2B65314D2653128500F79E74 /* NotEligiblePetScreen.swift */; };
		2BD6DA552645D32300079010 /* Question.swift in Sources */ = {isa = PBXBuildFile; fileRef = 2BD6DA542645D32300079010 /* Question.swift */; };
		2BD6DA572645D33A00079010 /* Category.swift in Sources */ = {isa = PBXBuildFile; fileRef = 2BD6DA562645D33A00079010 /* Category.swift */; };
		2BD6DA5C2645D5BB00079010 /* DonationFaqCategories.swift in Sources */ = {isa = PBXBuildFile; fileRef = 2BD6DA5B2645D5BB00079010 /* DonationFaqCategories.swift */; };
		2BD6DA5E2645D5C900079010 /* DonationFaqQuestions.swift in Sources */ = {isa = PBXBuildFile; fileRef = 2BD6DA5D2645D5C900079010 /* DonationFaqQuestions.swift */; };
		84009FA1264C1BAD00A1256A /* Metrics.swift in Sources */ = {isa = PBXBuildFile; fileRef = 84009FA0264C1BAD00A1256A /* Metrics.swift */; };
		8408D5F9264463BF0044EB71 /* MapConstants.swift in Sources */ = {isa = PBXBuildFile; fileRef = 8408D5F8264463BF0044EB71 /* MapConstants.swift */; };
		8408D5FE264477E10044EB71 /* TitleView.swift in Sources */ = {isa = PBXBuildFile; fileRef = 8408D5FD264477E10044EB71 /* TitleView.swift */; };
		8408D602264478530044EB71 /* Mithella-Regular.otf in Resources */ = {isa = PBXBuildFile; fileRef = 8408D600264478530044EB71 /* Mithella-Regular.otf */; };
		8408D603264478530044EB71 /* Mithella-Bold.otf in Resources */ = {isa = PBXBuildFile; fileRef = 8408D601264478530044EB71 /* Mithella-Bold.otf */; };
		8408D60526447C390044EB71 /* HemocenterImage.swift in Sources */ = {isa = PBXBuildFile; fileRef = 8408D60426447C390044EB71 /* HemocenterImage.swift */; };
		8408D60726447CDF0044EB71 /* SubtitleView.swift in Sources */ = {isa = PBXBuildFile; fileRef = 8408D60626447CDF0044EB71 /* SubtitleView.swift */; };
		8408D60926447DB70044EB71 /* FieldView.swift in Sources */ = {isa = PBXBuildFile; fileRef = 8408D60826447DB70044EB71 /* FieldView.swift */; };
		8408D60B2644851C0044EB71 /* SwipeDownIndicatorView.swift in Sources */ = {isa = PBXBuildFile; fileRef = 8408D60A2644851C0044EB71 /* SwipeDownIndicatorView.swift */; };
		8408D60E26455E6D0044EB71 /* OnboardingView.swift in Sources */ = {isa = PBXBuildFile; fileRef = 8408D60D26455E6D0044EB71 /* OnboardingView.swift */; };
		8408D6102645631D0044EB71 /* OnboardingDescriptionTextView.swift in Sources */ = {isa = PBXBuildFile; fileRef = 8408D60F2645631D0044EB71 /* OnboardingDescriptionTextView.swift */; };
		8408D612264563C00044EB71 /* ProgressCircle.swift in Sources */ = {isa = PBXBuildFile; fileRef = 8408D611264563C00044EB71 /* ProgressCircle.swift */; };
		8408D614264564630044EB71 /* ProgressView.swift in Sources */ = {isa = PBXBuildFile; fileRef = 8408D613264564630044EB71 /* ProgressView.swift */; };
		8408D616264569450044EB71 /* NextPageButton.swift in Sources */ = {isa = PBXBuildFile; fileRef = 8408D615264569450044EB71 /* NextPageButton.swift */; };
		8408D61826456A0F0044EB71 /* OnboardingBackgroundView.swift in Sources */ = {isa = PBXBuildFile; fileRef = 8408D61726456A0F0044EB71 /* OnboardingBackgroundView.swift */; };
		8408D61A26456A2E0044EB71 /* OnboardingIllustration.swift in Sources */ = {isa = PBXBuildFile; fileRef = 8408D61926456A2E0044EB71 /* OnboardingIllustration.swift */; };
		8408D61E26456C1C0044EB71 /* FirstOnboardingPage.swift in Sources */ = {isa = PBXBuildFile; fileRef = 8408D61D26456C1C0044EB71 /* FirstOnboardingPage.swift */; };
		8408D62026456C480044EB71 /* SecondOnboardingPage.swift in Sources */ = {isa = PBXBuildFile; fileRef = 8408D61F26456C480044EB71 /* SecondOnboardingPage.swift */; };
		8408D62326456EA50044EB71 /* ThirdOnboardingPage.swift in Sources */ = {isa = PBXBuildFile; fileRef = 8408D62226456EA50044EB71 /* ThirdOnboardingPage.swift */; };
		8408D62526456F6C0044EB71 /* FourthOnboardingPage.swift in Sources */ = {isa = PBXBuildFile; fileRef = 8408D62426456F6C0044EB71 /* FourthOnboardingPage.swift */; };
		8408D62726456FC00044EB71 /* FinishButton.swift in Sources */ = {isa = PBXBuildFile; fileRef = 8408D62626456FC00044EB71 /* FinishButton.swift */; };
		8408D629264570CC0044EB71 /* ButtonAligned.swift in Sources */ = {isa = PBXBuildFile; fileRef = 8408D628264570CC0044EB71 /* ButtonAligned.swift */; };
		8408D62C2645775D0044EB71 /* MainContentView.swift in Sources */ = {isa = PBXBuildFile; fileRef = 8408D62B2645775D0044EB71 /* MainContentView.swift */; };
		8408D62E26458E470044EB71 /* PreviousPageButton.swift in Sources */ = {isa = PBXBuildFile; fileRef = 8408D62D26458E470044EB71 /* PreviousPageButton.swift */; };
		84263CAD26417BF300CD4FAC /* Hemocenter.swift in Sources */ = {isa = PBXBuildFile; fileRef = 84263CAC26417BF300CD4FAC /* Hemocenter.swift */; };
		84263CB026417E7C00CD4FAC /* LocationDetails.swift in Sources */ = {isa = PBXBuildFile; fileRef = 84263CAF26417E7C00CD4FAC /* LocationDetails.swift */; };
		8432EBAC2646AA7800A7CA8F /* ArrayFieldView.swift in Sources */ = {isa = PBXBuildFile; fileRef = 8432EBAB2646AA7800A7CA8F /* ArrayFieldView.swift */; };
		8448B18F2652FC89004F3B1E /* HemocenterButtonView.swift in Sources */ = {isa = PBXBuildFile; fileRef = 8448B18E2652FC89004F3B1E /* HemocenterButtonView.swift */; };
		845179F726543E5600253D93 /* QuestionData.swift in Sources */ = {isa = PBXBuildFile; fileRef = 845179F626543E5600253D93 /* QuestionData.swift */; };
		845179F926558B5600253D93 /* Launch Screen.storyboard in Resources */ = {isa = PBXBuildFile; fileRef = 845179F826558B5600253D93 /* Launch Screen.storyboard */; };
		8455AB47264F513800795CE4 /* ImagePicker.swift in Sources */ = {isa = PBXBuildFile; fileRef = 8455AB46264F513800795CE4 /* ImagePicker.swift */; };
		8455AB49264F585100795CE4 /* RegisterText.swift in Sources */ = {isa = PBXBuildFile; fileRef = 8455AB48264F585100795CE4 /* RegisterText.swift */; };
		8455AB4B265029EE00795CE4 /* FormPickerView.swift in Sources */ = {isa = PBXBuildFile; fileRef = 8455AB4A265029ED00795CE4 /* FormPickerView.swift */; };
		8492F23D264080E400B9DF4A /* HemopetsApp.swift in Sources */ = {isa = PBXBuildFile; fileRef = 8492F23C264080E400B9DF4A /* HemopetsApp.swift */; };
		8492F23F264080E400B9DF4A /* ContentView.swift in Sources */ = {isa = PBXBuildFile; fileRef = 8492F23E264080E400B9DF4A /* ContentView.swift */; };
		8492F241264080E400B9DF4A /* Assets.xcassets in Resources */ = {isa = PBXBuildFile; fileRef = 8492F240264080E400B9DF4A /* Assets.xcassets */; };
		8492F244264080E400B9DF4A /* Preview Assets.xcassets in Resources */ = {isa = PBXBuildFile; fileRef = 8492F243264080E400B9DF4A /* Preview Assets.xcassets */; };
		8492F2502640835A00B9DF4A /* MapView.swift in Sources */ = {isa = PBXBuildFile; fileRef = 8492F24F2640835A00B9DF4A /* MapView.swift */; };
		8492F2542640890100B9DF4A /* LocationFetcher.swift in Sources */ = {isa = PBXBuildFile; fileRef = 8492F2532640890100B9DF4A /* LocationFetcher.swift */; };
		8492F25826408EE800B9DF4A /* PinAnnotation.swift in Sources */ = {isa = PBXBuildFile; fileRef = 8492F25726408EE800B9DF4A /* PinAnnotation.swift */; };
		8495A85E2649B1B700A218DD /* SplashIllustration.swift in Sources */ = {isa = PBXBuildFile; fileRef = 8495A85D2649B1B700A218DD /* SplashIllustration.swift */; };
		8495A8602649C61A00A218DD /* NoPetsView.swift in Sources */ = {isa = PBXBuildFile; fileRef = 8495A85F2649C61A00A218DD /* NoPetsView.swift */; };
		8495A8622649C69400A218DD /* NoPetsIllustration.swift in Sources */ = {isa = PBXBuildFile; fileRef = 8495A8612649C69400A218DD /* NoPetsIllustration.swift */; };
		8495A864264C02A600A218DD /* DisclosureDetailsView.swift in Sources */ = {isa = PBXBuildFile; fileRef = 8495A863264C02A600A218DD /* DisclosureDetailsView.swift */; };
		8495A866264C042400A218DD /* CategoriesView.swift in Sources */ = {isa = PBXBuildFile; fileRef = 8495A865264C042400A218DD /* CategoriesView.swift */; };
		8495A868264C04DF00A218DD /* MapMarkerView.swift in Sources */ = {isa = PBXBuildFile; fileRef = 8495A867264C04DF00A218DD /* MapMarkerView.swift */; };
		8495A86A264C070B00A218DD /* TabItemView.swift in Sources */ = {isa = PBXBuildFile; fileRef = 8495A869264C070B00A218DD /* TabItemView.swift */; };
		8495A86C264C077A00A218DD /* DonationView.swift in Sources */ = {isa = PBXBuildFile; fileRef = 8495A86B264C077A00A218DD /* DonationView.swift */; };
		84B040132645AAA1006E0589 /* UserDefaultsManager.swift in Sources */ = {isa = PBXBuildFile; fileRef = 84B040122645AAA1006E0589 /* UserDefaultsManager.swift */; };
		84B040192645B0CA006E0589 /* SplashView.swift in Sources */ = {isa = PBXBuildFile; fileRef = 84B040182645B0CA006E0589 /* SplashView.swift */; };
		C0BC20912649A920001B5681 /* PartialDetailsView.swift in Sources */ = {isa = PBXBuildFile; fileRef = C0BC20902649A920001B5681 /* PartialDetailsView.swift */; };
		C0BC20932649AB81001B5681 /* ImagePartialDetailsView.swift in Sources */ = {isa = PBXBuildFile; fileRef = C0BC20922649AB81001B5681 /* ImagePartialDetailsView.swift */; };
		C0BC20952649B551001B5681 /* RegisteredPetsView.swift in Sources */ = {isa = PBXBuildFile; fileRef = C0BC20942649B551001B5681 /* RegisteredPetsView.swift */; };
		C0BC20972649BDC0001B5681 /* CompleteDetailsView.swift in Sources */ = {isa = PBXBuildFile; fileRef = C0BC20962649BDC0001B5681 /* CompleteDetailsView.swift */; };
		C0EF5E1E264AF984003AA5ED /* VaccinesListView.swift in Sources */ = {isa = PBXBuildFile; fileRef = C0EF5E1D264AF984003AA5ED /* VaccinesListView.swift */; };
		CC22FAF62645B5DC00CBC8C7 /* PetsConstants.swift in Sources */ = {isa = PBXBuildFile; fileRef = CC22FAF42645B5DC00CBC8C7 /* PetsConstants.swift */; };
		CC22FAF72645B5DC00CBC8C7 /* Pet.swift in Sources */ = {isa = PBXBuildFile; fileRef = CC22FAF52645B5DC00CBC8C7 /* Pet.swift */; };
		CC567966264C61A00037360D /* RegisterSecondScreen.swift in Sources */ = {isa = PBXBuildFile; fileRef = CC567965264C61A00037360D /* RegisterSecondScreen.swift */; };
		CC567968264C787F0037360D /* PetType.swift in Sources */ = {isa = PBXBuildFile; fileRef = CC567967264C787F0037360D /* PetType.swift */; };
		CC56796A264CC6F00037360D /* RegisterContainerContentView.swift in Sources */ = {isa = PBXBuildFile; fileRef = CC567969264CC6F00037360D /* RegisterContainerContentView.swift */; };
		CC56796C264CCB7E0037360D /* ChooseButtons.swift in Sources */ = {isa = PBXBuildFile; fileRef = CC56796B264CCB7E0037360D /* ChooseButtons.swift */; };
		CC56796E264D57C60037360D /* RegisterThirdScreen.swift in Sources */ = {isa = PBXBuildFile; fileRef = CC56796D264D57C60037360D /* RegisterThirdScreen.swift */; };
		CCA63F3E264DBE910059113B /* RegisterFourthScreen.swift in Sources */ = {isa = PBXBuildFile; fileRef = CCA63F3D264DBE910059113B /* RegisterFourthScreen.swift */; };
		CCA63F47264DD4420059113B /* RoundedRectangleView.swift in Sources */ = {isa = PBXBuildFile; fileRef = CCA63F46264DD4420059113B /* RoundedRectangleView.swift */; };
		CCEF446D264AFD120044547C /* Vaccine.swift in Sources */ = {isa = PBXBuildFile; fileRef = CCEF446C264AFD120044547C /* Vaccine.swift */; };
		CCEF4473264C3CC40044547C /* PetRegistration.swift in Sources */ = {isa = PBXBuildFile; fileRef = CCEF4472264C3CC40044547C /* PetRegistration.swift */; };
		CCEF4475264C3CEC0044547C /* RegisterFirstScreen.swift in Sources */ = {isa = PBXBuildFile; fileRef = CCEF4474264C3CEC0044547C /* RegisterFirstScreen.swift */; };
/* End PBXBuildFile section */

/* Begin PBXFileReference section */
		2B31A963265430D10027C2EC /* ShowPetEligibleStatus.swift */ = {isa = PBXFileReference; lastKnownFileType = sourcecode.swift; path = ShowPetEligibleStatus.swift; sourceTree = "<group>"; };
		2B65314B2653127700F79E74 /* EligiblePetScreen.swift */ = {isa = PBXFileReference; lastKnownFileType = sourcecode.swift; path = EligiblePetScreen.swift; sourceTree = "<group>"; };
		2B65314D2653128500F79E74 /* NotEligiblePetScreen.swift */ = {isa = PBXFileReference; lastKnownFileType = sourcecode.swift; path = NotEligiblePetScreen.swift; sourceTree = "<group>"; };
		2BD6DA542645D32300079010 /* Question.swift */ = {isa = PBXFileReference; lastKnownFileType = sourcecode.swift; path = Question.swift; sourceTree = "<group>"; };
		2BD6DA562645D33A00079010 /* Category.swift */ = {isa = PBXFileReference; lastKnownFileType = sourcecode.swift; path = Category.swift; sourceTree = "<group>"; };
		2BD6DA5B2645D5BB00079010 /* DonationFaqCategories.swift */ = {isa = PBXFileReference; lastKnownFileType = sourcecode.swift; path = DonationFaqCategories.swift; sourceTree = "<group>"; };
		2BD6DA5D2645D5C900079010 /* DonationFaqQuestions.swift */ = {isa = PBXFileReference; lastKnownFileType = sourcecode.swift; path = DonationFaqQuestions.swift; sourceTree = "<group>"; };
		84009FA0264C1BAD00A1256A /* Metrics.swift */ = {isa = PBXFileReference; lastKnownFileType = sourcecode.swift; path = Metrics.swift; sourceTree = "<group>"; };
		8408D5F8264463BF0044EB71 /* MapConstants.swift */ = {isa = PBXFileReference; lastKnownFileType = sourcecode.swift; path = MapConstants.swift; sourceTree = "<group>"; };
		8408D5FD264477E10044EB71 /* TitleView.swift */ = {isa = PBXFileReference; lastKnownFileType = sourcecode.swift; path = TitleView.swift; sourceTree = "<group>"; };
		8408D600264478530044EB71 /* Mithella-Regular.otf */ = {isa = PBXFileReference; lastKnownFileType = file; path = "Mithella-Regular.otf"; sourceTree = "<group>"; };
		8408D601264478530044EB71 /* Mithella-Bold.otf */ = {isa = PBXFileReference; lastKnownFileType = file; path = "Mithella-Bold.otf"; sourceTree = "<group>"; };
		8408D60426447C390044EB71 /* HemocenterImage.swift */ = {isa = PBXFileReference; lastKnownFileType = sourcecode.swift; path = HemocenterImage.swift; sourceTree = "<group>"; };
		8408D60626447CDF0044EB71 /* SubtitleView.swift */ = {isa = PBXFileReference; lastKnownFileType = sourcecode.swift; path = SubtitleView.swift; sourceTree = "<group>"; };
		8408D60826447DB70044EB71 /* FieldView.swift */ = {isa = PBXFileReference; lastKnownFileType = sourcecode.swift; path = FieldView.swift; sourceTree = "<group>"; };
		8408D60A2644851C0044EB71 /* SwipeDownIndicatorView.swift */ = {isa = PBXFileReference; lastKnownFileType = sourcecode.swift; path = SwipeDownIndicatorView.swift; sourceTree = "<group>"; };
		8408D60D26455E6D0044EB71 /* OnboardingView.swift */ = {isa = PBXFileReference; lastKnownFileType = sourcecode.swift; path = OnboardingView.swift; sourceTree = "<group>"; };
		8408D60F2645631D0044EB71 /* OnboardingDescriptionTextView.swift */ = {isa = PBXFileReference; lastKnownFileType = sourcecode.swift; path = OnboardingDescriptionTextView.swift; sourceTree = "<group>"; };
		8408D611264563C00044EB71 /* ProgressCircle.swift */ = {isa = PBXFileReference; lastKnownFileType = sourcecode.swift; path = ProgressCircle.swift; sourceTree = "<group>"; };
		8408D613264564630044EB71 /* ProgressView.swift */ = {isa = PBXFileReference; lastKnownFileType = sourcecode.swift; path = ProgressView.swift; sourceTree = "<group>"; };
		8408D615264569450044EB71 /* NextPageButton.swift */ = {isa = PBXFileReference; lastKnownFileType = sourcecode.swift; path = NextPageButton.swift; sourceTree = "<group>"; };
		8408D61726456A0F0044EB71 /* OnboardingBackgroundView.swift */ = {isa = PBXFileReference; lastKnownFileType = sourcecode.swift; path = OnboardingBackgroundView.swift; sourceTree = "<group>"; };
		8408D61926456A2E0044EB71 /* OnboardingIllustration.swift */ = {isa = PBXFileReference; lastKnownFileType = sourcecode.swift; path = OnboardingIllustration.swift; sourceTree = "<group>"; };
		8408D61D26456C1C0044EB71 /* FirstOnboardingPage.swift */ = {isa = PBXFileReference; lastKnownFileType = sourcecode.swift; path = FirstOnboardingPage.swift; sourceTree = "<group>"; };
		8408D61F26456C480044EB71 /* SecondOnboardingPage.swift */ = {isa = PBXFileReference; lastKnownFileType = sourcecode.swift; path = SecondOnboardingPage.swift; sourceTree = "<group>"; };
		8408D62226456EA50044EB71 /* ThirdOnboardingPage.swift */ = {isa = PBXFileReference; lastKnownFileType = sourcecode.swift; path = ThirdOnboardingPage.swift; sourceTree = "<group>"; };
		8408D62426456F6C0044EB71 /* FourthOnboardingPage.swift */ = {isa = PBXFileReference; lastKnownFileType = sourcecode.swift; path = FourthOnboardingPage.swift; sourceTree = "<group>"; };
		8408D62626456FC00044EB71 /* FinishButton.swift */ = {isa = PBXFileReference; lastKnownFileType = sourcecode.swift; path = FinishButton.swift; sourceTree = "<group>"; };
		8408D628264570CC0044EB71 /* ButtonAligned.swift */ = {isa = PBXFileReference; lastKnownFileType = sourcecode.swift; path = ButtonAligned.swift; sourceTree = "<group>"; };
		8408D62B2645775D0044EB71 /* MainContentView.swift */ = {isa = PBXFileReference; lastKnownFileType = sourcecode.swift; path = MainContentView.swift; sourceTree = "<group>"; };
		8408D62D26458E470044EB71 /* PreviousPageButton.swift */ = {isa = PBXFileReference; lastKnownFileType = sourcecode.swift; path = PreviousPageButton.swift; sourceTree = "<group>"; };
		84263CAC26417BF300CD4FAC /* Hemocenter.swift */ = {isa = PBXFileReference; lastKnownFileType = sourcecode.swift; path = Hemocenter.swift; sourceTree = "<group>"; };
		84263CAF26417E7C00CD4FAC /* LocationDetails.swift */ = {isa = PBXFileReference; lastKnownFileType = sourcecode.swift; path = LocationDetails.swift; sourceTree = "<group>"; };
		8432EBAB2646AA7800A7CA8F /* ArrayFieldView.swift */ = {isa = PBXFileReference; lastKnownFileType = sourcecode.swift; path = ArrayFieldView.swift; sourceTree = "<group>"; };
		8448B18E2652FC89004F3B1E /* HemocenterButtonView.swift */ = {isa = PBXFileReference; lastKnownFileType = sourcecode.swift; path = HemocenterButtonView.swift; sourceTree = "<group>"; };
		845179F626543E5600253D93 /* QuestionData.swift */ = {isa = PBXFileReference; fileEncoding = 4; lastKnownFileType = sourcecode.swift; path = QuestionData.swift; sourceTree = "<group>"; };
		845179F826558B5600253D93 /* Launch Screen.storyboard */ = {isa = PBXFileReference; lastKnownFileType = file.storyboard; name = "Launch Screen.storyboard"; path = "Hemopets/Launch Screen.storyboard"; sourceTree = "<group>"; };
		8455AB46264F513800795CE4 /* ImagePicker.swift */ = {isa = PBXFileReference; lastKnownFileType = sourcecode.swift; path = ImagePicker.swift; sourceTree = "<group>"; };
		8455AB48264F585100795CE4 /* RegisterText.swift */ = {isa = PBXFileReference; lastKnownFileType = sourcecode.swift; path = RegisterText.swift; sourceTree = "<group>"; };
		8455AB4A265029ED00795CE4 /* FormPickerView.swift */ = {isa = PBXFileReference; lastKnownFileType = sourcecode.swift; path = FormPickerView.swift; sourceTree = "<group>"; };
		8492F239264080E400B9DF4A /* Hemopets.app */ = {isa = PBXFileReference; explicitFileType = wrapper.application; includeInIndex = 0; path = Hemopets.app; sourceTree = BUILT_PRODUCTS_DIR; };
		8492F23C264080E400B9DF4A /* HemopetsApp.swift */ = {isa = PBXFileReference; lastKnownFileType = sourcecode.swift; path = HemopetsApp.swift; sourceTree = "<group>"; };
		8492F23E264080E400B9DF4A /* ContentView.swift */ = {isa = PBXFileReference; lastKnownFileType = sourcecode.swift; path = ContentView.swift; sourceTree = "<group>"; };
		8492F240264080E400B9DF4A /* Assets.xcassets */ = {isa = PBXFileReference; lastKnownFileType = folder.assetcatalog; path = Assets.xcassets; sourceTree = "<group>"; };
		8492F243264080E400B9DF4A /* Preview Assets.xcassets */ = {isa = PBXFileReference; lastKnownFileType = folder.assetcatalog; path = "Preview Assets.xcassets"; sourceTree = "<group>"; };
		8492F245264080E400B9DF4A /* Info.plist */ = {isa = PBXFileReference; lastKnownFileType = text.plist.xml; path = Info.plist; sourceTree = "<group>"; };
		8492F24F2640835A00B9DF4A /* MapView.swift */ = {isa = PBXFileReference; lastKnownFileType = sourcecode.swift; path = MapView.swift; sourceTree = "<group>"; };
		8492F2532640890100B9DF4A /* LocationFetcher.swift */ = {isa = PBXFileReference; lastKnownFileType = sourcecode.swift; path = LocationFetcher.swift; sourceTree = "<group>"; };
		8492F25726408EE800B9DF4A /* PinAnnotation.swift */ = {isa = PBXFileReference; lastKnownFileType = sourcecode.swift; path = PinAnnotation.swift; sourceTree = "<group>"; };
		8495A85D2649B1B700A218DD /* SplashIllustration.swift */ = {isa = PBXFileReference; lastKnownFileType = sourcecode.swift; path = SplashIllustration.swift; sourceTree = "<group>"; };
		8495A85F2649C61A00A218DD /* NoPetsView.swift */ = {isa = PBXFileReference; lastKnownFileType = sourcecode.swift; path = NoPetsView.swift; sourceTree = "<group>"; };
		8495A8612649C69400A218DD /* NoPetsIllustration.swift */ = {isa = PBXFileReference; lastKnownFileType = sourcecode.swift; path = NoPetsIllustration.swift; sourceTree = "<group>"; };
		8495A863264C02A600A218DD /* DisclosureDetailsView.swift */ = {isa = PBXFileReference; lastKnownFileType = sourcecode.swift; path = DisclosureDetailsView.swift; sourceTree = "<group>"; };
		8495A865264C042400A218DD /* CategoriesView.swift */ = {isa = PBXFileReference; lastKnownFileType = sourcecode.swift; path = CategoriesView.swift; sourceTree = "<group>"; };
		8495A867264C04DF00A218DD /* MapMarkerView.swift */ = {isa = PBXFileReference; lastKnownFileType = sourcecode.swift; path = MapMarkerView.swift; sourceTree = "<group>"; };
		8495A869264C070B00A218DD /* TabItemView.swift */ = {isa = PBXFileReference; lastKnownFileType = sourcecode.swift; path = TabItemView.swift; sourceTree = "<group>"; };
		8495A86B264C077A00A218DD /* DonationView.swift */ = {isa = PBXFileReference; lastKnownFileType = sourcecode.swift; path = DonationView.swift; sourceTree = "<group>"; };
		84B040122645AAA1006E0589 /* UserDefaultsManager.swift */ = {isa = PBXFileReference; fileEncoding = 4; lastKnownFileType = sourcecode.swift; path = UserDefaultsManager.swift; sourceTree = "<group>"; };
		84B040182645B0CA006E0589 /* SplashView.swift */ = {isa = PBXFileReference; lastKnownFileType = sourcecode.swift; path = SplashView.swift; sourceTree = "<group>"; };
		C0BC20902649A920001B5681 /* PartialDetailsView.swift */ = {isa = PBXFileReference; lastKnownFileType = sourcecode.swift; path = PartialDetailsView.swift; sourceTree = "<group>"; };
		C0BC20922649AB81001B5681 /* ImagePartialDetailsView.swift */ = {isa = PBXFileReference; lastKnownFileType = sourcecode.swift; path = ImagePartialDetailsView.swift; sourceTree = "<group>"; };
		C0BC20942649B551001B5681 /* RegisteredPetsView.swift */ = {isa = PBXFileReference; lastKnownFileType = sourcecode.swift; path = RegisteredPetsView.swift; sourceTree = "<group>"; };
		C0BC20962649BDC0001B5681 /* CompleteDetailsView.swift */ = {isa = PBXFileReference; lastKnownFileType = sourcecode.swift; path = CompleteDetailsView.swift; sourceTree = "<group>"; };
		C0EF5E1D264AF984003AA5ED /* VaccinesListView.swift */ = {isa = PBXFileReference; lastKnownFileType = sourcecode.swift; path = VaccinesListView.swift; sourceTree = "<group>"; };
		CC22FAF42645B5DC00CBC8C7 /* PetsConstants.swift */ = {isa = PBXFileReference; fileEncoding = 4; lastKnownFileType = sourcecode.swift; path = PetsConstants.swift; sourceTree = "<group>"; };
		CC22FAF52645B5DC00CBC8C7 /* Pet.swift */ = {isa = PBXFileReference; fileEncoding = 4; lastKnownFileType = sourcecode.swift; path = Pet.swift; sourceTree = "<group>"; };
		CC567965264C61A00037360D /* RegisterSecondScreen.swift */ = {isa = PBXFileReference; lastKnownFileType = sourcecode.swift; path = RegisterSecondScreen.swift; sourceTree = "<group>"; };
		CC567967264C787F0037360D /* PetType.swift */ = {isa = PBXFileReference; lastKnownFileType = sourcecode.swift; path = PetType.swift; sourceTree = "<group>"; };
		CC567969264CC6F00037360D /* RegisterContainerContentView.swift */ = {isa = PBXFileReference; lastKnownFileType = sourcecode.swift; path = RegisterContainerContentView.swift; sourceTree = "<group>"; };
		CC56796B264CCB7E0037360D /* ChooseButtons.swift */ = {isa = PBXFileReference; lastKnownFileType = sourcecode.swift; path = ChooseButtons.swift; sourceTree = "<group>"; };
		CC56796D264D57C60037360D /* RegisterThirdScreen.swift */ = {isa = PBXFileReference; lastKnownFileType = sourcecode.swift; path = RegisterThirdScreen.swift; sourceTree = "<group>"; };
		CCA63F3D264DBE910059113B /* RegisterFourthScreen.swift */ = {isa = PBXFileReference; lastKnownFileType = sourcecode.swift; path = RegisterFourthScreen.swift; sourceTree = "<group>"; };
		CCA63F46264DD4420059113B /* RoundedRectangleView.swift */ = {isa = PBXFileReference; lastKnownFileType = sourcecode.swift; path = RoundedRectangleView.swift; sourceTree = "<group>"; };
		CCEF446C264AFD120044547C /* Vaccine.swift */ = {isa = PBXFileReference; lastKnownFileType = sourcecode.swift; path = Vaccine.swift; sourceTree = "<group>"; };
		CCEF4472264C3CC40044547C /* PetRegistration.swift */ = {isa = PBXFileReference; lastKnownFileType = sourcecode.swift; path = PetRegistration.swift; sourceTree = "<group>"; };
		CCEF4474264C3CEC0044547C /* RegisterFirstScreen.swift */ = {isa = PBXFileReference; lastKnownFileType = sourcecode.swift; path = RegisterFirstScreen.swift; sourceTree = "<group>"; };
/* End PBXFileReference section */

/* Begin PBXFrameworksBuildPhase section */
		8492F236264080E400B9DF4A /* Frameworks */ = {
			isa = PBXFrameworksBuildPhase;
			buildActionMask = 2147483647;
			files = (
			);
			runOnlyForDeploymentPostprocessing = 0;
		};
/* End PBXFrameworksBuildPhase section */

/* Begin PBXGroup section */
		2B65314A2653126000F79E74 /* EligiblePet */ = {
			isa = PBXGroup;
			children = (
				2B65314B2653127700F79E74 /* EligiblePetScreen.swift */,
				2B65314D2653128500F79E74 /* NotEligiblePetScreen.swift */,
				2B31A963265430D10027C2EC /* ShowPetEligibleStatus.swift */,
			);
			path = EligiblePet;
			sourceTree = "<group>";
		};
		2BD6DA532645D30200079010 /* FAQ */ = {
			isa = PBXGroup;
			children = (
				845179F626543E5600253D93 /* QuestionData.swift */,
				2BD6DA542645D32300079010 /* Question.swift */,
				2BD6DA562645D33A00079010 /* Category.swift */,
			);
			path = FAQ;
			sourceTree = "<group>";
		};
		2BD6DA5A2645D41300079010 /* FAQ */ = {
			isa = PBXGroup;
			children = (
				2BD6DA5B2645D5BB00079010 /* DonationFaqCategories.swift */,
				2BD6DA5D2645D5C900079010 /* DonationFaqQuestions.swift */,
				8495A863264C02A600A218DD /* DisclosureDetailsView.swift */,
				8495A865264C042400A218DD /* CategoriesView.swift */,
				8495A86B264C077A00A218DD /* DonationView.swift */,
			);
			path = FAQ;
			sourceTree = "<group>";
		};
		8408D5FA264477C30044EB71 /* Shared */ = {
			isa = PBXGroup;
			children = (
				C0EF5E1D264AF984003AA5ED /* VaccinesListView.swift */,
				8408D615264569450044EB71 /* NextPageButton.swift */,
				8408D62D26458E470044EB71 /* PreviousPageButton.swift */,
				8408D62626456FC00044EB71 /* FinishButton.swift */,
				8408D5FD264477E10044EB71 /* TitleView.swift */,
				8408D60626447CDF0044EB71 /* SubtitleView.swift */,
				84009FA0264C1BAD00A1256A /* Metrics.swift */,
			);
			path = Shared;
			sourceTree = "<group>";
		};
		8408D5FF264478300044EB71 /* Font */ = {
			isa = PBXGroup;
			children = (
				8408D601264478530044EB71 /* Mithella-Bold.otf */,
				8408D600264478530044EB71 /* Mithella-Regular.otf */,
			);
			path = Font;
			sourceTree = "<group>";
		};
		8408D60C26455D360044EB71 /* Onboarding */ = {
			isa = PBXGroup;
			children = (
				8408D62126456C560044EB71 /* Pages */,
				8408D60D26455E6D0044EB71 /* OnboardingView.swift */,
				8408D60F2645631D0044EB71 /* OnboardingDescriptionTextView.swift */,
				8408D611264563C00044EB71 /* ProgressCircle.swift */,
				8408D613264564630044EB71 /* ProgressView.swift */,
				8408D61726456A0F0044EB71 /* OnboardingBackgroundView.swift */,
				8408D61926456A2E0044EB71 /* OnboardingIllustration.swift */,
				8408D628264570CC0044EB71 /* ButtonAligned.swift */,
			);
			path = Onboarding;
			sourceTree = "<group>";
		};
		8408D62126456C560044EB71 /* Pages */ = {
			isa = PBXGroup;
			children = (
				8408D61D26456C1C0044EB71 /* FirstOnboardingPage.swift */,
				8408D61F26456C480044EB71 /* SecondOnboardingPage.swift */,
				8408D62226456EA50044EB71 /* ThirdOnboardingPage.swift */,
				8408D62426456F6C0044EB71 /* FourthOnboardingPage.swift */,
			);
			path = Pages;
			sourceTree = "<group>";
		};
		8408D62A264577470044EB71 /* MainContent */ = {
			isa = PBXGroup;
			children = (
				8408D62B2645775D0044EB71 /* MainContentView.swift */,
				8495A869264C070B00A218DD /* TabItemView.swift */,
			);
			path = MainContent;
			sourceTree = "<group>";
		};
		8424F2F6264C536600E912EE /* Pets */ = {
			isa = PBXGroup;
			children = (
				C0BC20922649AB81001B5681 /* ImagePartialDetailsView.swift */,
				C0BC20902649A920001B5681 /* PartialDetailsView.swift */,
				C0BC20942649B551001B5681 /* RegisteredPetsView.swift */,
				C0BC20962649BDC0001B5681 /* CompleteDetailsView.swift */,
			);
			path = Pets;
			sourceTree = "<group>";
		};
		8492F230264080E400B9DF4A = {
			isa = PBXGroup;
			children = (
				845179F826558B5600253D93 /* Launch Screen.storyboard */,
				8492F23B264080E400B9DF4A /* Hemopets */,
				8492F23A264080E400B9DF4A /* Products */,
			);
			sourceTree = "<group>";
		};
		8492F23A264080E400B9DF4A /* Products */ = {
			isa = PBXGroup;
			children = (
				8492F239264080E400B9DF4A /* Hemopets.app */,
			);
			name = Products;
			sourceTree = "<group>";
		};
		8492F23B264080E400B9DF4A /* Hemopets */ = {
			isa = PBXGroup;
			children = (
				8408D5FF264478300044EB71 /* Font */,
				8492F24D2640811C00B9DF4A /* Model */,
				8492F24C2640811600B9DF4A /* View */,
				8492F23C264080E400B9DF4A /* HemopetsApp.swift */,
				8492F23E264080E400B9DF4A /* ContentView.swift */,
				8492F240264080E400B9DF4A /* Assets.xcassets */,
				8492F245264080E400B9DF4A /* Info.plist */,
				8492F242264080E400B9DF4A /* Preview Content */,
			);
			path = Hemopets;
			sourceTree = "<group>";
		};
		8492F242264080E400B9DF4A /* Preview Content */ = {
			isa = PBXGroup;
			children = (
				8492F243264080E400B9DF4A /* Preview Assets.xcassets */,
			);
			path = "Preview Content";
			sourceTree = "<group>";
		};
		8492F24C2640811600B9DF4A /* View */ = {
			isa = PBXGroup;
			children = (
				2BD6DA5A2645D41300079010 /* FAQ */,
				C0BC208D2649A1E6001B5681 /* Pets */,
				84B040172645B0BC006E0589 /* SplashScreen */,
				8408D62A264577470044EB71 /* MainContent */,
				8408D60C26455D360044EB71 /* Onboarding */,
				8408D5FA264477C30044EB71 /* Shared */,
				8492F24E2640813300B9DF4A /* Map */,
			);
			path = View;
			sourceTree = "<group>";
		};
		8492F24D2640811C00B9DF4A /* Model */ = {
			isa = PBXGroup;
			children = (
				CCEF446F264C3BFE0044547C /* Register */,
				CCEF446B264AFCE10044547C /* Vaccines */,
				2BD6DA532645D30200079010 /* FAQ */,
				CC22FAF32645B5DC00CBC8C7 /* Pet */,
				84B040112645AA74006E0589 /* Shared */,
				8492F25626408EC300B9DF4A /* Map */,
			);
			path = Model;
			sourceTree = "<group>";
		};
		8492F24E2640813300B9DF4A /* Map */ = {
			isa = PBXGroup;
			children = (
				8492F24F2640835A00B9DF4A /* MapView.swift */,
				84263CAF26417E7C00CD4FAC /* LocationDetails.swift */,
				8408D60426447C390044EB71 /* HemocenterImage.swift */,
				8408D60826447DB70044EB71 /* FieldView.swift */,
				8432EBAB2646AA7800A7CA8F /* ArrayFieldView.swift */,
				8408D60A2644851C0044EB71 /* SwipeDownIndicatorView.swift */,
				8495A867264C04DF00A218DD /* MapMarkerView.swift */,
				8448B18E2652FC89004F3B1E /* HemocenterButtonView.swift */,
			);
			path = Map;
			sourceTree = "<group>";
		};
		8492F25626408EC300B9DF4A /* Map */ = {
			isa = PBXGroup;
			children = (
				8492F2532640890100B9DF4A /* LocationFetcher.swift */,
				8492F25726408EE800B9DF4A /* PinAnnotation.swift */,
				84263CAC26417BF300CD4FAC /* Hemocenter.swift */,
				8408D5F8264463BF0044EB71 /* MapConstants.swift */,
			);
			path = Map;
			sourceTree = "<group>";
		};
		84B040112645AA74006E0589 /* Shared */ = {
			isa = PBXGroup;
			children = (
				84B040122645AAA1006E0589 /* UserDefaultsManager.swift */,
				8455AB46264F513800795CE4 /* ImagePicker.swift */,
			);
			path = Shared;
			sourceTree = "<group>";
		};
		84B040172645B0BC006E0589 /* SplashScreen */ = {
			isa = PBXGroup;
			children = (
				84B040182645B0CA006E0589 /* SplashView.swift */,
				8495A85D2649B1B700A218DD /* SplashIllustration.swift */,
			);
			path = SplashScreen;
			sourceTree = "<group>";
		};
		C0BC208D2649A1E6001B5681 /* Pets */ = {
			isa = PBXGroup;
			children = (
				CCEF4471264C3C630044547C /* Register */,
				8424F2F6264C536600E912EE /* Pets */,
				8495A85F2649C61A00A218DD /* NoPetsView.swift */,
				8495A8612649C69400A218DD /* NoPetsIllustration.swift */,
			);
			path = Pets;
			sourceTree = "<group>";
		};
		CC22FAF32645B5DC00CBC8C7 /* Pet */ = {
			isa = PBXGroup;
			children = (
				CC567967264C787F0037360D /* PetType.swift */,
				CC22FAF42645B5DC00CBC8C7 /* PetsConstants.swift */,
				CC22FAF52645B5DC00CBC8C7 /* Pet.swift */,
			);
			path = Pet;
			sourceTree = "<group>";
		};
		CCA63F3C264DB9890059113B /* Pages */ = {
			isa = PBXGroup;
			children = (
				CCEF4474264C3CEC0044547C /* RegisterFirstScreen.swift */,
				CC567965264C61A00037360D /* RegisterSecondScreen.swift */,
				CC56796D264D57C60037360D /* RegisterThirdScreen.swift */,
				CCA63F3D264DBE910059113B /* RegisterFourthScreen.swift */,
			);
			path = Pages;
			sourceTree = "<group>";
		};
		CCEF446B264AFCE10044547C /* Vaccines */ = {
			isa = PBXGroup;
			children = (
				CCEF446C264AFD120044547C /* Vaccine.swift */,
			);
			path = Vaccines;
			sourceTree = "<group>";
		};
		CCEF446F264C3BFE0044547C /* Register */ = {
			isa = PBXGroup;
			children = (
				CCEF4472264C3CC40044547C /* PetRegistration.swift */,
			);
			path = Register;
			sourceTree = "<group>";
		};
		CCEF4471264C3C630044547C /* Register */ = {
			isa = PBXGroup;
			children = (
				2B65314A2653126000F79E74 /* EligiblePet */,
				CCA63F3C264DB9890059113B /* Pages */,
				CC567969264CC6F00037360D /* RegisterContainerContentView.swift */,
				CC56796B264CCB7E0037360D /* ChooseButtons.swift */,
				CCA63F46264DD4420059113B /* RoundedRectangleView.swift */,
				8455AB4A265029ED00795CE4 /* FormPickerView.swift */,
				8455AB48264F585100795CE4 /* RegisterText.swift */,
			);
			path = Register;
			sourceTree = "<group>";
		};
/* End PBXGroup section */

/* Begin PBXNativeTarget section */
		8492F238264080E400B9DF4A /* Hemopets */ = {
			isa = PBXNativeTarget;
			buildConfigurationList = 8492F248264080E400B9DF4A /* Build configuration list for PBXNativeTarget "Hemopets" */;
			buildPhases = (
				8492F235264080E400B9DF4A /* Sources */,
				8492F236264080E400B9DF4A /* Frameworks */,
				8492F237264080E400B9DF4A /* Resources */,
			);
			buildRules = (
			);
			dependencies = (
			);
			name = Hemopets;
			packageProductDependencies = (
			);
			productName = Hemopets;
			productReference = 8492F239264080E400B9DF4A /* Hemopets.app */;
			productType = "com.apple.product-type.application";
		};
/* End PBXNativeTarget section */

/* Begin PBXProject section */
		8492F231264080E400B9DF4A /* Project object */ = {
			isa = PBXProject;
			attributes = {
				LastSwiftUpdateCheck = 1240;
				LastUpgradeCheck = 1240;
				TargetAttributes = {
					8492F238264080E400B9DF4A = {
						CreatedOnToolsVersion = 12.4;
					};
				};
			};
			buildConfigurationList = 8492F234264080E400B9DF4A /* Build configuration list for PBXProject "Hemopets" */;
			compatibilityVersion = "Xcode 9.3";
			developmentRegion = en;
			hasScannedForEncodings = 0;
			knownRegions = (
				en,
				Base,
			);
			mainGroup = 8492F230264080E400B9DF4A;
			packageReferences = (
			);
			productRefGroup = 8492F23A264080E400B9DF4A /* Products */;
			projectDirPath = "";
			projectRoot = "";
			targets = (
				8492F238264080E400B9DF4A /* Hemopets */,
			);
		};
/* End PBXProject section */

/* Begin PBXResourcesBuildPhase section */
		8492F237264080E400B9DF4A /* Resources */ = {
			isa = PBXResourcesBuildPhase;
			buildActionMask = 2147483647;
			files = (
				8492F244264080E400B9DF4A /* Preview Assets.xcassets in Resources */,
				8408D602264478530044EB71 /* Mithella-Regular.otf in Resources */,
				8408D603264478530044EB71 /* Mithella-Bold.otf in Resources */,
				845179F926558B5600253D93 /* Launch Screen.storyboard in Resources */,
				8492F241264080E400B9DF4A /* Assets.xcassets in Resources */,
			);
			runOnlyForDeploymentPostprocessing = 0;
		};
/* End PBXResourcesBuildPhase section */

/* Begin PBXSourcesBuildPhase section */
		8492F235264080E400B9DF4A /* Sources */ = {
			isa = PBXSourcesBuildPhase;
			buildActionMask = 2147483647;
			files = (
				2BD6DA5C2645D5BB00079010 /* DonationFaqCategories.swift in Sources */,
				2B65314E2653128500F79E74 /* NotEligiblePetScreen.swift in Sources */,
				84B040132645AAA1006E0589 /* UserDefaultsManager.swift in Sources */,
				8455AB4B265029EE00795CE4 /* FormPickerView.swift in Sources */,
				8408D62326456EA50044EB71 /* ThirdOnboardingPage.swift in Sources */,
				C0BC20972649BDC0001B5681 /* CompleteDetailsView.swift in Sources */,
				8492F23F264080E400B9DF4A /* ContentView.swift in Sources */,
				8408D62726456FC00044EB71 /* FinishButton.swift in Sources */,
				CCEF4473264C3CC40044547C /* PetRegistration.swift in Sources */,
				8408D60926447DB70044EB71 /* FieldView.swift in Sources */,
				CC22FAF62645B5DC00CBC8C7 /* PetsConstants.swift in Sources */,
				8495A864264C02A600A218DD /* DisclosureDetailsView.swift in Sources */,
				845179F726543E5600253D93 /* QuestionData.swift in Sources */,
				8495A866264C042400A218DD /* CategoriesView.swift in Sources */,
				CCA63F3E264DBE910059113B /* RegisterFourthScreen.swift in Sources */,
				CCEF446D264AFD120044547C /* Vaccine.swift in Sources */,
				8492F2502640835A00B9DF4A /* MapView.swift in Sources */,
				8408D62C2645775D0044EB71 /* MainContentView.swift in Sources */,
				8492F25826408EE800B9DF4A /* PinAnnotation.swift in Sources */,
				2BD6DA552645D32300079010 /* Question.swift in Sources */,
				8495A868264C04DF00A218DD /* MapMarkerView.swift in Sources */,
				8408D62526456F6C0044EB71 /* FourthOnboardingPage.swift in Sources */,
				CC56796E264D57C60037360D /* RegisterThirdScreen.swift in Sources */,
				CC567968264C787F0037360D /* PetType.swift in Sources */,
				2BD6DA572645D33A00079010 /* Category.swift in Sources */,
				84263CAD26417BF300CD4FAC /* Hemocenter.swift in Sources */,
				84263CB026417E7C00CD4FAC /* LocationDetails.swift in Sources */,
				8448B18F2652FC89004F3B1E /* HemocenterButtonView.swift in Sources */,
				8408D614264564630044EB71 /* ProgressView.swift in Sources */,
				2B65314C2653127700F79E74 /* EligiblePetScreen.swift in Sources */,
				2BD6DA5E2645D5C900079010 /* DonationFaqQuestions.swift in Sources */,
				CC22FAF72645B5DC00CBC8C7 /* Pet.swift in Sources */,
				8495A8622649C69400A218DD /* NoPetsIllustration.swift in Sources */,
				C0EF5E1E264AF984003AA5ED /* VaccinesListView.swift in Sources */,
				8408D629264570CC0044EB71 /* ButtonAligned.swift in Sources */,
				8408D612264563C00044EB71 /* ProgressCircle.swift in Sources */,
				CC56796C264CCB7E0037360D /* ChooseButtons.swift in Sources */,
				8408D60526447C390044EB71 /* HemocenterImage.swift in Sources */,
				8495A86C264C077A00A218DD /* DonationView.swift in Sources */,
				8408D5FE264477E10044EB71 /* TitleView.swift in Sources */,
				CC56796A264CC6F00037360D /* RegisterContainerContentView.swift in Sources */,
				8495A85E2649B1B700A218DD /* SplashIllustration.swift in Sources */,
				8408D61E26456C1C0044EB71 /* FirstOnboardingPage.swift in Sources */,
				84009FA1264C1BAD00A1256A /* Metrics.swift in Sources */,
				84B040192645B0CA006E0589 /* SplashView.swift in Sources */,
				8492F2542640890100B9DF4A /* LocationFetcher.swift in Sources */,
				8408D62E26458E470044EB71 /* PreviousPageButton.swift in Sources */,
				8432EBAC2646AA7800A7CA8F /* ArrayFieldView.swift in Sources */,
				8455AB47264F513800795CE4 /* ImagePicker.swift in Sources */,
				8492F23D264080E400B9DF4A /* HemopetsApp.swift in Sources */,
				8408D61A26456A2E0044EB71 /* OnboardingIllustration.swift in Sources */,
				8408D5F9264463BF0044EB71 /* MapConstants.swift in Sources */,
				8408D6102645631D0044EB71 /* OnboardingDescriptionTextView.swift in Sources */,
				8408D60726447CDF0044EB71 /* SubtitleView.swift in Sources */,
				8408D616264569450044EB71 /* NextPageButton.swift in Sources */,
				8408D60B2644851C0044EB71 /* SwipeDownIndicatorView.swift in Sources */,
				8495A86A264C070B00A218DD /* TabItemView.swift in Sources */,
				CCA63F47264DD4420059113B /* RoundedRectangleView.swift in Sources */,
				8455AB49264F585100795CE4 /* RegisterText.swift in Sources */,
				8408D60E26455E6D0044EB71 /* OnboardingView.swift in Sources */,
				8408D61826456A0F0044EB71 /* OnboardingBackgroundView.swift in Sources */,
				CCEF4475264C3CEC0044547C /* RegisterFirstScreen.swift in Sources */,
				2B31A964265430D10027C2EC /* ShowPetEligibleStatus.swift in Sources */,
				8495A8602649C61A00A218DD /* NoPetsView.swift in Sources */,
				CC567966264C61A00037360D /* RegisterSecondScreen.swift in Sources */,
				C0BC20952649B551001B5681 /* RegisteredPetsView.swift in Sources */,
				C0BC20932649AB81001B5681 /* ImagePartialDetailsView.swift in Sources */,
				C0BC20912649A920001B5681 /* PartialDetailsView.swift in Sources */,
				8408D62026456C480044EB71 /* SecondOnboardingPage.swift in Sources */,
			);
			runOnlyForDeploymentPostprocessing = 0;
		};
/* End PBXSourcesBuildPhase section */

/* Begin XCBuildConfiguration section */
		8492F246264080E400B9DF4A /* Debug */ = {
			isa = XCBuildConfiguration;
			buildSettings = {
				ALWAYS_SEARCH_USER_PATHS = NO;
				CLANG_ANALYZER_NONNULL = YES;
				CLANG_ANALYZER_NUMBER_OBJECT_CONVERSION = YES_AGGRESSIVE;
				CLANG_CXX_LANGUAGE_STANDARD = "gnu++14";
				CLANG_CXX_LIBRARY = "libc++";
				CLANG_ENABLE_MODULES = YES;
				CLANG_ENABLE_OBJC_ARC = YES;
				CLANG_ENABLE_OBJC_WEAK = YES;
				CLANG_WARN_BLOCK_CAPTURE_AUTORELEASING = YES;
				CLANG_WARN_BOOL_CONVERSION = YES;
				CLANG_WARN_COMMA = YES;
				CLANG_WARN_CONSTANT_CONVERSION = YES;
				CLANG_WARN_DEPRECATED_OBJC_IMPLEMENTATIONS = YES;
				CLANG_WARN_DIRECT_OBJC_ISA_USAGE = YES_ERROR;
				CLANG_WARN_DOCUMENTATION_COMMENTS = YES;
				CLANG_WARN_EMPTY_BODY = YES;
				CLANG_WARN_ENUM_CONVERSION = YES;
				CLANG_WARN_INFINITE_RECURSION = YES;
				CLANG_WARN_INT_CONVERSION = YES;
				CLANG_WARN_NON_LITERAL_NULL_CONVERSION = YES;
				CLANG_WARN_OBJC_IMPLICIT_RETAIN_SELF = YES;
				CLANG_WARN_OBJC_LITERAL_CONVERSION = YES;
				CLANG_WARN_OBJC_ROOT_CLASS = YES_ERROR;
				CLANG_WARN_QUOTED_INCLUDE_IN_FRAMEWORK_HEADER = YES;
				CLANG_WARN_RANGE_LOOP_ANALYSIS = YES;
				CLANG_WARN_STRICT_PROTOTYPES = YES;
				CLANG_WARN_SUSPICIOUS_MOVE = YES;
				CLANG_WARN_UNGUARDED_AVAILABILITY = YES_AGGRESSIVE;
				CLANG_WARN_UNREACHABLE_CODE = YES;
				CLANG_WARN__DUPLICATE_METHOD_MATCH = YES;
				COPY_PHASE_STRIP = NO;
				DEBUG_INFORMATION_FORMAT = dwarf;
				ENABLE_STRICT_OBJC_MSGSEND = YES;
				ENABLE_TESTABILITY = YES;
				GCC_C_LANGUAGE_STANDARD = gnu11;
				GCC_DYNAMIC_NO_PIC = NO;
				GCC_NO_COMMON_BLOCKS = YES;
				GCC_OPTIMIZATION_LEVEL = 0;
				GCC_PREPROCESSOR_DEFINITIONS = (
					"DEBUG=1",
					"$(inherited)",
				);
				GCC_WARN_64_TO_32_BIT_CONVERSION = YES;
				GCC_WARN_ABOUT_RETURN_TYPE = YES_ERROR;
				GCC_WARN_UNDECLARED_SELECTOR = YES;
				GCC_WARN_UNINITIALIZED_AUTOS = YES_AGGRESSIVE;
				GCC_WARN_UNUSED_FUNCTION = YES;
				GCC_WARN_UNUSED_VARIABLE = YES;
				IPHONEOS_DEPLOYMENT_TARGET = 14.4;
				MTL_ENABLE_DEBUG_INFO = INCLUDE_SOURCE;
				MTL_FAST_MATH = YES;
				ONLY_ACTIVE_ARCH = YES;
				SDKROOT = iphoneos;
				SWIFT_ACTIVE_COMPILATION_CONDITIONS = DEBUG;
				SWIFT_OPTIMIZATION_LEVEL = "-Onone";
			};
			name = Debug;
		};
		8492F247264080E400B9DF4A /* Release */ = {
			isa = XCBuildConfiguration;
			buildSettings = {
				ALWAYS_SEARCH_USER_PATHS = NO;
				CLANG_ANALYZER_NONNULL = YES;
				CLANG_ANALYZER_NUMBER_OBJECT_CONVERSION = YES_AGGRESSIVE;
				CLANG_CXX_LANGUAGE_STANDARD = "gnu++14";
				CLANG_CXX_LIBRARY = "libc++";
				CLANG_ENABLE_MODULES = YES;
				CLANG_ENABLE_OBJC_ARC = YES;
				CLANG_ENABLE_OBJC_WEAK = YES;
				CLANG_WARN_BLOCK_CAPTURE_AUTORELEASING = YES;
				CLANG_WARN_BOOL_CONVERSION = YES;
				CLANG_WARN_COMMA = YES;
				CLANG_WARN_CONSTANT_CONVERSION = YES;
				CLANG_WARN_DEPRECATED_OBJC_IMPLEMENTATIONS = YES;
				CLANG_WARN_DIRECT_OBJC_ISA_USAGE = YES_ERROR;
				CLANG_WARN_DOCUMENTATION_COMMENTS = YES;
				CLANG_WARN_EMPTY_BODY = YES;
				CLANG_WARN_ENUM_CONVERSION = YES;
				CLANG_WARN_INFINITE_RECURSION = YES;
				CLANG_WARN_INT_CONVERSION = YES;
				CLANG_WARN_NON_LITERAL_NULL_CONVERSION = YES;
				CLANG_WARN_OBJC_IMPLICIT_RETAIN_SELF = YES;
				CLANG_WARN_OBJC_LITERAL_CONVERSION = YES;
				CLANG_WARN_OBJC_ROOT_CLASS = YES_ERROR;
				CLANG_WARN_QUOTED_INCLUDE_IN_FRAMEWORK_HEADER = YES;
				CLANG_WARN_RANGE_LOOP_ANALYSIS = YES;
				CLANG_WARN_STRICT_PROTOTYPES = YES;
				CLANG_WARN_SUSPICIOUS_MOVE = YES;
				CLANG_WARN_UNGUARDED_AVAILABILITY = YES_AGGRESSIVE;
				CLANG_WARN_UNREACHABLE_CODE = YES;
				CLANG_WARN__DUPLICATE_METHOD_MATCH = YES;
				COPY_PHASE_STRIP = NO;
				DEBUG_INFORMATION_FORMAT = "dwarf-with-dsym";
				ENABLE_NS_ASSERTIONS = NO;
				ENABLE_STRICT_OBJC_MSGSEND = YES;
				GCC_C_LANGUAGE_STANDARD = gnu11;
				GCC_NO_COMMON_BLOCKS = YES;
				GCC_WARN_64_TO_32_BIT_CONVERSION = YES;
				GCC_WARN_ABOUT_RETURN_TYPE = YES_ERROR;
				GCC_WARN_UNDECLARED_SELECTOR = YES;
				GCC_WARN_UNINITIALIZED_AUTOS = YES_AGGRESSIVE;
				GCC_WARN_UNUSED_FUNCTION = YES;
				GCC_WARN_UNUSED_VARIABLE = YES;
				IPHONEOS_DEPLOYMENT_TARGET = 14.4;
				MTL_ENABLE_DEBUG_INFO = NO;
				MTL_FAST_MATH = YES;
				SDKROOT = iphoneos;
				SWIFT_COMPILATION_MODE = wholemodule;
				SWIFT_OPTIMIZATION_LEVEL = "-O";
				VALIDATE_PRODUCT = YES;
			};
			name = Release;
		};
		8492F249264080E400B9DF4A /* Debug */ = {
			isa = XCBuildConfiguration;
			buildSettings = {
				ASSETCATALOG_COMPILER_APPICON_NAME = AppIcon;
				ASSETCATALOG_COMPILER_GLOBAL_ACCENT_COLOR_NAME = AccentColor;
				CODE_SIGN_STYLE = Automatic;
				DEVELOPMENT_ASSET_PATHS = "\"Hemopets/Preview Content\"";
				DEVELOPMENT_TEAM = 8HS35WKYD8;
				ENABLE_PREVIEWS = YES;
				INFOPLIST_FILE = Hemopets/Info.plist;
				IPHONEOS_DEPLOYMENT_TARGET = 14.0;
				LD_RUNPATH_SEARCH_PATHS = (
					"$(inherited)",
					"@executable_path/Frameworks",
				);
				PRODUCT_BUNDLE_IDENTIFIER = joaoCervo.Hemopets;
				PRODUCT_NAME = "$(TARGET_NAME)";
				SWIFT_VERSION = 5.0;
				TARGETED_DEVICE_FAMILY = 1;
			};
			name = Debug;
		};
		8492F24A264080E400B9DF4A /* Release */ = {
			isa = XCBuildConfiguration;
			buildSettings = {
				ASSETCATALOG_COMPILER_APPICON_NAME = AppIcon;
				ASSETCATALOG_COMPILER_GLOBAL_ACCENT_COLOR_NAME = AccentColor;
				CODE_SIGN_STYLE = Automatic;
				DEVELOPMENT_ASSET_PATHS = "\"Hemopets/Preview Content\"";
				DEVELOPMENT_TEAM = 8HS35WKYD8;
				ENABLE_PREVIEWS = YES;
				INFOPLIST_FILE = Hemopets/Info.plist;
				IPHONEOS_DEPLOYMENT_TARGET = 14.0;
				LD_RUNPATH_SEARCH_PATHS = (
					"$(inherited)",
					"@executable_path/Frameworks",
				);
				PRODUCT_BUNDLE_IDENTIFIER = joaoCervo.Hemopets;
				PRODUCT_NAME = "$(TARGET_NAME)";
				SWIFT_VERSION = 5.0;
				TARGETED_DEVICE_FAMILY = 1;
			};
			name = Release;
		};
/* End XCBuildConfiguration section */

/* Begin XCConfigurationList section */
		8492F234264080E400B9DF4A /* Build configuration list for PBXProject "Hemopets" */ = {
			isa = XCConfigurationList;
			buildConfigurations = (
				8492F246264080E400B9DF4A /* Debug */,
				8492F247264080E400B9DF4A /* Release */,
			);
			defaultConfigurationIsVisible = 0;
			defaultConfigurationName = Release;
		};
		8492F248264080E400B9DF4A /* Build configuration list for PBXNativeTarget "Hemopets" */ = {
			isa = XCConfigurationList;
			buildConfigurations = (
				8492F249264080E400B9DF4A /* Debug */,
				8492F24A264080E400B9DF4A /* Release */,
			);
			defaultConfigurationIsVisible = 0;
			defaultConfigurationName = Release;
		};
/* End XCConfigurationList section */
	};
	rootObject = 8492F231264080E400B9DF4A /* Project object */;
}
